<?xml version="1.0" encoding="UTF-8" standalone="yes" ?>
<CodeBlocks_project_file>
	<FileVersion major="1" minor="6" />
	<Project>
		<Option title="FC" />
		<Option platforms="Windows;" />
		<Option pch_mode="2" />
		<Option compiler="gcc" />
		<Build>
			<Target title="Release">
				<Option output="bin\FC" prefix_auto="1" extension_auto="1" />
				<Option object_output="obj\" />
				<Option type="1" />
				<Option compiler="gcc" />
				<Option use_console_runner="0" />
				<Compiler>
					<Add option="-O2" />
					<Add directory="dx81sdk" />
				</Compiler>
				<Linker>
					<Add option="-s" />
					<Add library="dx81sdk\d3dx.lib" />
					<Add library="dx81sdk\ddraw.lib" />
					<Add directory="dx81sdk" />
				</Linker>
			</Target>
			<Target title="debug">
				<Option output="bin\FC_dbg" prefix_auto="1" extension_auto="1" />
				<Option object_output="obj\debug" />
				<Option type="1" />
				<Option compiler="gcc" />
				<Option use_console_runner="0" />
				<Compiler>
					<Add option="-Wextra" />
					<Add option="-Wall" />
					<Add option="-g" />
					<Add directory="dx81sdk" />
				</Compiler>
				<Linker>
					<Add library="dx81sdk\d3dx.lib" />
					<Add library="dx81sdk\ddraw.lib" />
				</Linker>
			</Target>
		</Build>
		<Compiler>
			<Add option="-Wall" />
			<Add option="-fexceptions" />
			<Add directory="dx9sdk\Include" />
			<Add directory="..\dx9sdk\Include" />
		</Compiler>
		<Linker>
			<Add library="gdi32" />
			<Add library="libcomdlg32.a" />
			<Add library="..\dx9sdk\Lib\x86\d2d1_beta.lib" />
			<Add library="..\dx9sdk\Lib\x86\d3d9.lib" />
			<Add library="..\dx9sdk\Lib\x86\d3d10.lib" />
			<Add library="..\dx9sdk\Lib\x86\d3d10_1.lib" />
			<Add library="..\dx9sdk\Lib\x86\D3D10_1_beta.lib" />
			<Add library="..\dx9sdk\Lib\x86\d3d11_beta.lib" />
			<Add library="..\dx9sdk\Lib\x86\d3dcompiler.lib" />
			<Add library="..\dx9sdk\Lib\x86\d3dx9.lib" />
			<Add library="..\dx9sdk\Lib\x86\d3dx9d.lib" />
			<Add library="..\dx9sdk\Lib\x86\d3dx10.lib" />
			<Add library="..\dx9sdk\Lib\x86\d3dx10d.lib" />
			<Add library="..\dx9sdk\Lib\x86\d3dx11.lib" />
			<Add library="..\dx9sdk\Lib\x86\d3dxof.lib" />
			<Add library="..\dx9sdk\Lib\x86\ddraw.lib" />
			<Add library="..\dx9sdk\Lib\x86\dinput8.lib" />
			<Add library="..\dx9sdk\Lib\x86\dsetup.lib" />
			<Add library="..\dx9sdk\Lib\x86\dsound.lib" />
			<Add library="..\dx9sdk\Lib\x86\dwrite_beta.lib" />
			<Add library="..\dx9sdk\Lib\x86\DxErr9.lib" />
			<Add library="..\dx9sdk\Lib\x86\DxErr.lib" />
			<Add library="..\dx9sdk\Lib\x86\dxgi.lib" />
			<Add library="..\dx9sdk\Lib\x86\dxgi_beta.lib" />
			<Add library="..\dx9sdk\Lib\x86\dxguid.lib" />
			<Add library="..\dx9sdk\Lib\x86\X3DAudio.lib" />
			<Add library="..\dx9sdk\Lib\x86\xapobase.lib" />
			<Add library="..\dx9sdk\Lib\x86\xapobased.lib" />
			<Add library="..\dx9sdk\Lib\x86\XAPOFX.lib" />
			<Add library="..\dx9sdk\Lib\x86\XInput.lib" />
		</Linker>
		<Unit filename="src\cpu.cpp" />
		<Unit filename="src\cpu.h" />
		<Unit filename="src\debug.cpp" />
		<Unit filename="src\debug.h" />
		<Unit filename="src\main.cpp" />
		<Unit filename="src\mem.cpp" />
		<Unit filename="src\mem.h" />
		<Unit filename="src\mmc.cpp" />
		<Unit filename="src\mmc.h" />
		<Unit filename="src\nes_sys.cpp" />
		<Unit filename="src\nes_sys.h" />
		<Unit filename="src\pad.h" />
		<Unit filename="src\ppu.cpp" />
		<Unit filename="src\ppu.h" />
		<Unit filename="src\rom.cpp" />
		<Unit filename="src\rom.h" />
		<Unit filename="src\speed.h" />
		<Unit filename="src\testroms.h" />
		<Unit filename="src\type.cpp" />
		<Unit filename="src\type.h" />
		<Unit filename="src\video.h" />
		<Unit filename="src\win\d3dvideo.cpp" />
		<Unit filename="src\win\d3dvideo.h" />
		<Unit filename="src\win\main_window.cpp" />
		<Unit filename="src\win\winsys.cpp" />
		<Unit filename="src\win\winsys.h" />
		<Unit filename="src\win\wit.cpp" />
		<Unit filename="src\win\wit.h" />
		<Extensions>
			<code_completion />
			<envvars />
			<debugger />
			<lib_finder disable_auto="1" />
			<wxsmith version="1">
				<resources>
					<wxPanel wxs="wxsmith/NewPanel.wxs" src="NewPanel.cpp" hdr="NewPanel.h" name="NewPanel" language="CPP" />
				</resources>
			</wxsmith>
		</Extensions>
	</Project>
</CodeBlocks_project_file>
